
Microsoft Visual Studio Solution File, Format Version 12.00
# Visual Studio 2013
VisualStudioVersion = 12.0.30723.0
MinimumVisualStudioVersion = 10.0.40219.1
Project("{F2A71F9B-5D33-465A-A702-920D77279786}") = "TryFsReveal", "TryFsReveal\TryFsReveal.fsproj", "{4C3735EB-CC14-4AF7-BC79-DE5100816586}"
EndProject
Project("{F2A71F9B-5D33-465A-A702-920D77279786}") = "FsRevealConsole", "FsRevealConsole\FsRevealConsole.fsproj", "{98E2B970-2BB9-420A-A15A-D7418574E963}"
EndProject
Global
	GlobalSection(SolutionConfigurationPlatforms) = preSolution
		Debug|Any CPU = Debug|Any CPU
		Release|Any CPU = Release|Any CPU
	EndGlobalSection
	GlobalSection(ProjectConfigurationPlatforms) = postSolution
		{4C3735EB-CC14-4AF7-BC79-DE5100816586}.Debug|Any CPU.ActiveCfg = Debug|Any CPU
		{4C3735EB-CC14-4AF7-BC79-DE5100816586}.Debug|Any CPU.Build.0 = Debug|Any CPU
		{4C3735EB-CC14-4AF7-BC79-DE5100816586}.Release|Any CPU.ActiveCfg = Release|Any CPU
		{4C3735EB-CC14-4AF7-BC79-DE5100816586}.Release|Any CPU.Build.0 = Release|Any CPU
		{98E2B970-2BB9-420A-A15A-D7418574E963}.Debug|Any CPU.ActiveCfg = Debug|Any CPU
		{98E2B970-2BB9-420A-A15A-D7418574E963}.Debug|Any CPU.Build.0 = Debug|Any CPU
		{98E2B970-2BB9-420A-A15A-D7418574E963}.Release|Any CPU.ActiveCfg = Release|Any CPU
		{98E2B970-2BB9-420A-A15A-D7418574E963}.Release|Any CPU.Build.0 = Release|Any CPU
	EndGlobalSection
	GlobalSection(SolutionProperties) = preSolution
		HideSolutionNode = FALSE
	EndGlobalSection
EndGlobal
