
Microsoft Visual Studio Solution File, Format Version 12.00
# Visual Studio 2013
VisualStudioVersion = 12.0.30501.0
MinimumVisualStudioVersion = 10.0.40219.1
Project("{F2A71F9B-5D33-465A-A702-920D77279786}") = "TryFsReveal", "TryFsReveal\TryFsReveal.fsproj", "{3624F4D4-0858-4769-872C-543461629BFE}"
EndProject
Global
	GlobalSection(SolutionConfigurationPlatforms) = preSolution
		Debug|Any CPU = Debug|Any CPU
		Release|Any CPU = Release|Any CPU
	EndGlobalSection
	GlobalSection(ProjectConfigurationPlatforms) = postSolution
		{3624F4D4-0858-4769-872C-543461629BFE}.Debug|Any CPU.ActiveCfg = Debug|Any CPU
		{3624F4D4-0858-4769-872C-543461629BFE}.Debug|Any CPU.Build.0 = Debug|Any CPU
		{3624F4D4-0858-4769-872C-543461629BFE}.Release|Any CPU.ActiveCfg = Release|Any CPU
		{3624F4D4-0858-4769-872C-543461629BFE}.Release|Any CPU.Build.0 = Release|Any CPU
	EndGlobalSection
	GlobalSection(SolutionProperties) = preSolution
		HideSolutionNode = FALSE
	EndGlobalSection
EndGlobal
